// !$*UTF8*$!
{
	archiveVersion = 1;
	classes = {
	};
	objectVersion = 46;
	objects = {

/* Begin PBXBuildFile section */
		8E268CA41C4E1D8C00EAECB1 /* main.m in Sources */ = {isa = PBXBuildFile; fileRef = 8E268CA31C4E1D8C00EAECB1 /* main.m */; };
		8E268CA71C4E1D8C00EAECB1 /* AppDelegate.m in Sources */ = {isa = PBXBuildFile; fileRef = 8E268CA61C4E1D8C00EAECB1 /* AppDelegate.m */; };
		8E268CAF1C4E1D8C00EAECB1 /* Assets.xcassets in Resources */ = {isa = PBXBuildFile; fileRef = 8E268CAE1C4E1D8C00EAECB1 /* Assets.xcassets */; };
		8E268CB21C4E1D8C00EAECB1 /* LaunchScreen.storyboard in Resources */ = {isa = PBXBuildFile; fileRef = 8E268CB01C4E1D8C00EAECB1 /* LaunchScreen.storyboard */; };
		8E268CBD1C4E1D8C00EAECB1 /* FYBluetoothTests.m in Sources */ = {isa = PBXBuildFile; fileRef = 8E268CBC1C4E1D8C00EAECB1 /* FYBluetoothTests.m */; };
		8E268CC91C4E1DB500EAECB1 /* BluetoothHeader.m in Sources */ = {isa = PBXBuildFile; fileRef = 8E268CC81C4E1DB500EAECB1 /* BluetoothHeader.m */; };
		8E268CCC1C4E1DD400EAECB1 /* ViewController.m in Sources */ = {isa = PBXBuildFile; fileRef = 8E268CCB1C4E1DD400EAECB1 /* ViewController.m */; };
		8E268CCE1C4E1E0400EAECB1 /* Main.storyboard in Resources */ = {isa = PBXBuildFile; fileRef = 8E268CCD1C4E1E0400EAECB1 /* Main.storyboard */; };
/* End PBXBuildFile section */

/* Begin PBXContainerItemProxy section */
		8E268CB91C4E1D8C00EAECB1 /* PBXContainerItemProxy */ = {
			isa = PBXContainerItemProxy;
			containerPortal = 8E268C971C4E1D8C00EAECB1 /* Project object */;
			proxyType = 1;
			remoteGlobalIDString = 8E268C9E1C4E1D8C00EAECB1;
			remoteInfo = FYBluetooth;
		};
/* End PBXContainerItemProxy section */

/* Begin PBXFileReference section */
		8E268C9F1C4E1D8C00EAECB1 /* FYBluetooth.app */ = {isa = PBXFileReference; explicitFileType = wrapper.application; includeInIndex = 0; path = FYBluetooth.app; sourceTree = BUILT_PRODUCTS_DIR; };
		8E268CA31C4E1D8C00EAECB1 /* main.m */ = {isa = PBXFileReference; lastKnownFileType = sourcecode.c.objc; path = main.m; sourceTree = "<group>"; };
		8E268CA51C4E1D8C00EAECB1 /* AppDelegate.h */ = {isa = PBXFileReference; lastKnownFileType = sourcecode.c.h; path = AppDelegate.h; sourceTree = "<group>"; };
		8E268CA61C4E1D8C00EAECB1 /* AppDelegate.m */ = {isa = PBXFileReference; lastKnownFileType = sourcecode.c.objc; path = AppDelegate.m; sourceTree = "<group>"; };
		8E268CAE1C4E1D8C00EAECB1 /* Assets.xcassets */ = {isa = PBXFileReference; lastKnownFileType = folder.assetcatalog; path = Assets.xcassets; sourceTree = "<group>"; };
		8E268CB11C4E1D8C00EAECB1 /* Base */ = {isa = PBXFileReference; lastKnownFileType = file.storyboard; name = Base; path = Base.lproj/LaunchScreen.storyboard; sourceTree = "<group>"; };
		8E268CB31C4E1D8C00EAECB1 /* Info.plist */ = {isa = PBXFileReference; lastKnownFileType = text.plist.xml; path = Info.plist; sourceTree = "<group>"; };
		8E268CB81C4E1D8C00EAECB1 /* FYBluetoothTests.xctest */ = {isa = PBXFileReference; explicitFileType = wrapper.cfbundle; includeInIndex = 0; path = FYBluetoothTests.xctest; sourceTree = BUILT_PRODUCTS_DIR; };
		8E268CBC1C4E1D8C00EAECB1 /* FYBluetoothTests.m */ = {isa = PBXFileReference; lastKnownFileType = sourcecode.c.objc; path = FYBluetoothTests.m; sourceTree = "<group>"; };
		8E268CBE1C4E1D8C00EAECB1 /* Info.plist */ = {isa = PBXFileReference; lastKnownFileType = text.plist.xml; path = Info.plist; sourceTree = "<group>"; };
		8E268CC71C4E1DB500EAECB1 /* BluetoothHeader.h */ = {isa = PBXFileReference; fileEncoding = 4; lastKnownFileType = sourcecode.c.h; path = BluetoothHeader.h; sourceTree = "<group>"; };
		8E268CC81C4E1DB500EAECB1 /* BluetoothHeader.m */ = {isa = PBXFileReference; fileEncoding = 4; lastKnownFileType = sourcecode.c.objc; path = BluetoothHeader.m; sourceTree = "<group>"; };
		8E268CCA1C4E1DD400EAECB1 /* ViewController.h */ = {isa = PBXFileReference; fileEncoding = 4; lastKnownFileType = sourcecode.c.h; path = ViewController.h; sourceTree = "<group>"; };
		8E268CCB1C4E1DD400EAECB1 /* ViewController.m */ = {isa = PBXFileReference; fileEncoding = 4; lastKnownFileType = sourcecode.c.objc; path = ViewController.m; sourceTree = "<group>"; };
		8E268CCD1C4E1E0400EAECB1 /* Main.storyboard */ = {isa = PBXFileReference; fileEncoding = 4; lastKnownFileType = file.storyboard; path = Main.storyboard; sourceTree = "<group>"; };
/* End PBXFileReference section */

/* Begin PBXFrameworksBuildPhase section */
		8E268C9C1C4E1D8C00EAECB1 /* Frameworks */ = {
			isa = PBXFrameworksBuildPhase;
			buildActionMask = 2147483647;
			files = (
			);
			runOnlyForDeploymentPostprocessing = 0;
		};
		8E268CB51C4E1D8C00EAECB1 /* Frameworks */ = {
			isa = PBXFrameworksBuildPhase;
			buildActionMask = 2147483647;
			files = (
			);
			runOnlyForDeploymentPostprocessing = 0;
		};
/* End PBXFrameworksBuildPhase section */

/* Begin PBXGroup section */
		8E268C961C4E1D8C00EAECB1 = {
			isa = PBXGroup;
			children = (
				8E268CA11C4E1D8C00EAECB1 /* FYBluetooth */,
				8E268CBB1C4E1D8C00EAECB1 /* FYBluetoothTests */,
				8E268CA01C4E1D8C00EAECB1 /* Products */,
			);
			sourceTree = "<group>";
		};
		8E268CA01C4E1D8C00EAECB1 /* Products */ = {
			isa = PBXGroup;
			children = (
				8E268C9F1C4E1D8C00EAECB1 /* FYBluetooth.app */,
				8E268CB81C4E1D8C00EAECB1 /* FYBluetoothTests.xctest */,
			);
			name = Products;
			sourceTree = "<group>";
		};
		8E268CA11C4E1D8C00EAECB1 /* FYBluetooth */ = {
			isa = PBXGroup;
			children = (
				8E268CA51C4E1D8C00EAECB1 /* AppDelegate.h */,
				8E268CA61C4E1D8C00EAECB1 /* AppDelegate.m */,
				8E268CCA1C4E1DD400EAECB1 /* ViewController.h */,
				8E268CCB1C4E1DD400EAECB1 /* ViewController.m */,
				8E268CC71C4E1DB500EAECB1 /* BluetoothHeader.h */,
				8E268CC81C4E1DB500EAECB1 /* BluetoothHeader.m */,
				8E268CCD1C4E1E0400EAECB1 /* Main.storyboard */,
				8E268CAE1C4E1D8C00EAECB1 /* Assets.xcassets */,
				8E268CB01C4E1D8C00EAECB1 /* LaunchScreen.storyboard */,
				8E268CB31C4E1D8C00EAECB1 /* Info.plist */,
				8E268CA21C4E1D8C00EAECB1 /* Supporting Files */,
			);
			path = FYBluetooth;
			sourceTree = "<group>";
		};
		8E268CA21C4E1D8C00EAECB1 /* Supporting Files */ = {
			isa = PBXGroup;
			children = (
				8E268CA31C4E1D8C00EAECB1 /* main.m */,
			);
			name = "Supporting Files";
			sourceTree = "<group>";
		};
		8E268CBB1C4E1D8C00EAECB1 /* FYBluetoothTests */ = {
			isa = PBXGroup;
			children = (
				8E268CBC1C4E1D8C00EAECB1 /* FYBluetoothTests.m */,
				8E268CBE1C4E1D8C00EAECB1 /* Info.plist */,
			);
			path = FYBluetoothTests;
			sourceTree = "<group>";
		};
/* End PBXGroup section */

/* Begin PBXNativeTarget section */
		8E268C9E1C4E1D8C00EAECB1 /* FYBluetooth */ = {
			isa = PBXNativeTarget;
			buildConfigurationList = 8E268CC11C4E1D8C00EAECB1 /* Build configuration list for PBXNativeTarget "FYBluetooth" */;
			buildPhases = (
				8E268C9B1C4E1D8C00EAECB1 /* Sources */,
				8E268C9C1C4E1D8C00EAECB1 /* Frameworks */,
				8E268C9D1C4E1D8C00EAECB1 /* Resources */,
			);
			buildRules = (
			);
			dependencies = (
			);
			name = FYBluetooth;
			productName = FYBluetooth;
			productReference = 8E268C9F1C4E1D8C00EAECB1 /* FYBluetooth.app */;
			productType = "com.apple.product-type.application";
		};
		8E268CB71C4E1D8C00EAECB1 /* FYBluetoothTests */ = {
			isa = PBXNativeTarget;
			buildConfigurationList = 8E268CC41C4E1D8C00EAECB1 /* Build configuration list for PBXNativeTarget "FYBluetoothTests" */;
			buildPhases = (
				8E268CB41C4E1D8C00EAECB1 /* Sources */,
				8E268CB51C4E1D8C00EAECB1 /* Frameworks */,
				8E268CB61C4E1D8C00EAECB1 /* Resources */,
			);
			buildRules = (
			);
			dependencies = (
				8E268CBA1C4E1D8C00EAECB1 /* PBXTargetDependency */,
			);
			name = FYBluetoothTests;
			productName = FYBluetoothTests;
			productReference = 8E268CB81C4E1D8C00EAECB1 /* FYBluetoothTests.xctest */;
			productType = "com.apple.product-type.bundle.unit-test";
		};
/* End PBXNativeTarget section */

/* Begin PBXProject section */
		8E268C971C4E1D8C00EAECB1 /* Project object */ = {
			isa = PBXProject;
			attributes = {
				LastUpgradeCheck = 0710;
				ORGANIZATIONNAME = zhangferry;
				TargetAttributes = {
					8E268C9E1C4E1D8C00EAECB1 = {
						CreatedOnToolsVersion = 7.1;
					};
					8E268CB71C4E1D8C00EAECB1 = {
						CreatedOnToolsVersion = 7.1;
						TestTargetID = 8E268C9E1C4E1D8C00EAECB1;
					};
				};
			};
			buildConfigurationList = 8E268C9A1C4E1D8C00EAECB1 /* Build configuration list for PBXProject "FYBluetooth" */;
			compatibilityVersion = "Xcode 3.2";
			developmentRegion = English;
			hasScannedForEncodings = 0;
			knownRegions = (
				en,
				Base,
			);
			mainGroup = 8E268C961C4E1D8C00EAECB1;
			productRefGroup = 8E268CA01C4E1D8C00EAECB1 /* Products */;
			projectDirPath = "";
			projectRoot = "";
			targets = (
				8E268C9E1C4E1D8C00EAECB1 /* FYBluetooth */,
				8E268CB71C4E1D8C00EAECB1 /* FYBluetoothTests */,
			);
		};
/* End PBXProject section */

/* Begin PBXResourcesBuildPhase section */
		8E268C9D1C4E1D8C00EAECB1 /* Resources */ = {
			isa = PBXResourcesBuildPhase;
			buildActionMask = 2147483647;
			files = (
				8E268CCE1C4E1E0400EAECB1 /* Main.storyboard in Resources */,
				8E268CB21C4E1D8C00EAECB1 /* LaunchScreen.storyboard in Resources */,
				8E268CAF1C4E1D8C00EAECB1 /* Assets.xcassets in Resources */,
			);
			runOnlyForDeploymentPostprocessing = 0;
		};
		8E268CB61C4E1D8C00EAECB1 /* Resources */ = {
			isa = PBXResourcesBuildPhase;
			buildActionMask = 2147483647;
			files = (
			);
			runOnlyForDeploymentPostprocessing = 0;
		};
/* End PBXResourcesBuildPhase section */

/* Begin PBXSourcesBuildPhase section */
		8E268C9B1C4E1D8C00EAECB1 /* Sources */ = {
			isa = PBXSourcesBuildPhase;
			buildActionMask = 2147483647;
			files = (
				8E268CA71C4E1D8C00EAECB1 /* AppDelegate.m in Sources */,
				8E268CA41C4E1D8C00EAECB1 /* main.m in Sources */,
				8E268CCC1C4E1DD400EAECB1 /* ViewController.m in Sources */,
				8E268CC91C4E1DB500EAECB1 /* BluetoothHeader.m in Sources */,
			);
			runOnlyForDeploymentPostprocessing = 0;
		};
		8E268CB41C4E1D8C00EAECB1 /* Sources */ = {
			isa = PBXSourcesBuildPhase;
			buildActionMask = 2147483647;
			files = (
				8E268CBD1C4E1D8C00EAECB1 /* FYBluetoothTests.m in Sources */,
			);
			runOnlyForDeploymentPostprocessing = 0;
		};
/* End PBXSourcesBuildPhase section */

/* Begin PBXTargetDependency section */
		8E268CBA1C4E1D8C00EAECB1 /* PBXTargetDependency */ = {
			isa = PBXTargetDependency;
			target = 8E268C9E1C4E1D8C00EAECB1 /* FYBluetooth */;
			targetProxy = 8E268CB91C4E1D8C00EAECB1 /* PBXContainerItemProxy */;
		};
/* End PBXTargetDependency section */

/* Begin PBXVariantGroup section */
		8E268CB01C4E1D8C00EAECB1 /* LaunchScreen.storyboard */ = {
			isa = PBXVariantGroup;
			children = (
				8E268CB11C4E1D8C00EAECB1 /* Base */,
			);
			name = LaunchScreen.storyboard;
			sourceTree = "<group>";
		};
/* End PBXVariantGroup section */

/* Begin XCBuildConfiguration section */
		8E268CBF1C4E1D8C00EAECB1 /* Debug */ = {
			isa = XCBuildConfiguration;
			buildSettings = {
				ALWAYS_SEARCH_USER_PATHS = NO;
				CLANG_CXX_LANGUAGE_STANDARD = "gnu++0x";
				CLANG_CXX_LIBRARY = "libc++";
				CLANG_ENABLE_MODULES = YES;
				CLANG_ENABLE_OBJC_ARC = YES;
				CLANG_WARN_BOOL_CONVERSION = YES;
				CLANG_WARN_CONSTANT_CONVERSION = YES;
				CLANG_WARN_DIRECT_OBJC_ISA_USAGE = YES_ERROR;
				CLANG_WARN_EMPTY_BODY = YES;
				CLANG_WARN_ENUM_CONVERSION = YES;
				CLANG_WARN_INT_CONVERSION = YES;
				CLANG_WARN_OBJC_ROOT_CLASS = YES_ERROR;
				CLANG_WARN_UNREACHABLE_CODE = YES;
				CLANG_WARN__DUPLICATE_METHOD_MATCH = YES;
				"CODE_SIGN_IDENTITY[sdk=iphoneos*]" = "iPhone Developer";
				COPY_PHASE_STRIP = NO;
				DEBUG_INFORMATION_FORMAT = dwarf;
				ENABLE_STRICT_OBJC_MSGSEND = YES;
				ENABLE_TESTABILITY = YES;
				GCC_C_LANGUAGE_STANDARD = gnu99;
				GCC_DYNAMIC_NO_PIC = NO;
				GCC_NO_COMMON_BLOCKS = YES;
				GCC_OPTIMIZATION_LEVEL = 0;
				GCC_PREPROCESSOR_DEFINITIONS = (
					"DEBUG=1",
					"$(inherited)",
				);
				GCC_WARN_64_TO_32_BIT_CONVERSION = YES;
				GCC_WARN_ABOUT_RETURN_TYPE = YES_ERROR;
				GCC_WARN_UNDECLARED_SELECTOR = YES;
				GCC_WARN_UNINITIALIZED_AUTOS = YES_AGGRESSIVE;
				GCC_WARN_UNUSED_FUNCTION = YES;
				GCC_WARN_UNUSED_VARIABLE = YES;
				IPHONEOS_DEPLOYMENT_TARGET = 9.1;
				MTL_ENABLE_DEBUG_INFO = YES;
				ONLY_ACTIVE_ARCH = YES;
				SDKROOT = iphoneos;
			};
			name = Debug;
		};
		8E268CC01C4E1D8C00EAECB1 /* Release */ = {
			isa = XCBuildConfiguration;
			buildSettings = {
				ALWAYS_SEARCH_USER_PATHS = NO;
				CLANG_CXX_LANGUAGE_STANDARD = "gnu++0x";
				CLANG_CXX_LIBRARY = "libc++";
				CLANG_ENABLE_MODULES = YES;
				CLANG_ENABLE_OBJC_ARC = YES;
				CLANG_WARN_BOOL_CONVERSION = YES;
				CLANG_WARN_CONSTANT_CONVERSION = YES;
				CLANG_WARN_DIRECT_OBJC_ISA_USAGE = YES_ERROR;
				CLANG_WARN_EMPTY_BODY = YES;
				CLANG_WARN_ENUM_CONVERSION = YES;
				CLANG_WARN_INT_CONVERSION = YES;
				CLANG_WARN_OBJC_ROOT_CLASS = YES_ERROR;
				CLANG_WARN_UNREACHABLE_CODE = YES;
				CLANG_WARN__DUPLICATE_METHOD_MATCH = YES;
				"CODE_SIGN_IDENTITY[sdk=iphoneos*]" = "iPhone Developer";
				COPY_PHASE_STRIP = NO;
				DEBUG_INFORMATION_FORMAT = "dwarf-with-dsym";
				ENABLE_NS_ASSERTIONS = NO;
				ENABLE_STRICT_OBJC_MSGSEND = YES;
				GCC_C_LANGUAGE_STANDARD = gnu99;
				GCC_NO_COMMON_BLOCKS = YES;
				GCC_WARN_64_TO_32_BIT_CONVERSION = YES;
				GCC_WARN_ABOUT_RETURN_TYPE = YES_ERROR;
				GCC_WARN_UNDECLARED_SELECTOR = YES;
				GCC_WARN_UNINITIALIZED_AUTOS = YES_AGGRESSIVE;
				GCC_WARN_UNUSED_FUNCTION = YES;
				GCC_WARN_UNUSED_VARIABLE = YES;
				IPHONEOS_DEPLOYMENT_TARGET = 9.1;
				MTL_ENABLE_DEBUG_INFO = NO;
				SDKROOT = iphoneos;
				VALIDATE_PRODUCT = YES;
			};
			name = Release;
		};
		8E268CC21C4E1D8C00EAECB1 /* Debug */ = {
			isa = XCBuildConfiguration;
			buildSettings = {
				ASSETCATALOG_COMPILER_APPICON_NAME = AppIcon;
				INFOPLIST_FILE = FYBluetooth/Info.plist;
				IPHONEOS_DEPLOYMENT_TARGET = 8.0;
				LD_RUNPATH_SEARCH_PATHS = "$(inherited) @executable_path/Frameworks";
				PRODUCT_BUNDLE_IDENTIFIER = com.fly.FYBluetooth;
				PRODUCT_NAME = "$(TARGET_NAME)";
			};
			name = Debug;
		};
		8E268CC31C4E1D8C00EAECB1 /* Release */ = {
			isa = XCBuildConfiguration;
			buildSettings = {
				ASSETCATALOG_COMPILER_APPICON_NAME = AppIcon;
				INFOPLIST_FILE = FYBluetooth/Info.plist;
				IPHONEOS_DEPLOYMENT_TARGET = 8.0;
				LD_RUNPATH_SEARCH_PATHS = "$(inherited) @executable_path/Frameworks";
				PRODUCT_BUNDLE_IDENTIFIER = com.fly.FYBluetooth;
				PRODUCT_NAME = "$(TARGET_NAME)";
			};
			name = Release;
		};
		8E268CC51C4E1D8C00EAECB1 /* Debug */ = {
			isa = XCBuildConfiguration;
			buildSettings = {
				BUNDLE_LOADER = "$(TEST_HOST)";
				INFOPLIST_FILE = FYBluetoothTests/Info.plist;
				LD_RUNPATH_SEARCH_PATHS = "$(inherited) @executable_path/Frameworks @loader_path/Frameworks";
				PRODUCT_BUNDLE_IDENTIFIER = com.fly.FYBluetoothTests;
				PRODUCT_NAME = "$(TARGET_NAME)";
				TEST_HOST = "$(BUILT_PRODUCTS_DIR)/FYBluetooth.app/FYBluetooth";
			};
			name = Debug;
		};
		8E268CC61C4E1D8C00EAECB1 /* Release */ = {
			isa = XCBuildConfiguration;
			buildSettings = {
				BUNDLE_LOADER = "$(TEST_HOST)";
				INFOPLIST_FILE = FYBluetoothTests/Info.plist;
				LD_RUNPATH_SEARCH_PATHS = "$(inherited) @executable_path/Frameworks @loader_path/Frameworks";
				PRODUCT_BUNDLE_IDENTIFIER = com.fly.FYBluetoothTests;
				PRODUCT_NAME = "$(TARGET_NAME)";
				TEST_HOST = "$(BUILT_PRODUCTS_DIR)/FYBluetooth.app/FYBluetooth";
			};
			name = Release;
		};
/* End XCBuildConfiguration section */

/* Begin XCConfigurationList section */
		8E268C9A1C4E1D8C00EAECB1 /* Build configuration list for PBXProject "FYBluetooth" */ = {
			isa = XCConfigurationList;
			buildConfigurations = (
				8E268CBF1C4E1D8C00EAECB1 /* Debug */,
				8E268CC01C4E1D8C00EAECB1 /* Release */,
			);
			defaultConfigurationIsVisible = 0;
			defaultConfigurationName = Release;
		};
		8E268CC11C4E1D8C00EAECB1 /* Build configuration list for PBXNativeTarget "FYBluetooth" */ = {
			isa = XCConfigurationList;
			buildConfigurations = (
				8E268CC21C4E1D8C00EAECB1 /* Debug */,
				8E268CC31C4E1D8C00EAECB1 /* Release */,
			);
			defaultConfigurationIsVisible = 0;
		};
		8E268CC41C4E1D8C00EAECB1 /* Build configuration list for PBXNativeTarget "FYBluetoothTests" */ = {
			isa = XCConfigurationList;
			buildConfigurations = (
				8E268CC51C4E1D8C00EAECB1 /* Debug */,
				8E268CC61C4E1D8C00EAECB1 /* Release */,
			);
			defaultConfigurationIsVisible = 0;
		};
/* End XCConfigurationList section */
	};
	rootObject = 8E268C971C4E1D8C00EAECB1 /* Project object */;
}
